// !$*UTF8*$!
{
	archiveVersion = 1;
	classes = {
	};
	objectVersion = 46;
	objects = {

/* Begin PBXBuildFile section */
		4B67EC6319784A1D00C1C935 /* Cocoa.framework in Frameworks */ = {isa = PBXBuildFile; fileRef = 4B67EC6219784A1D00C1C935 /* Cocoa.framework */; };
		4B67EC6D19784A1D00C1C935 /* InfoPlist.strings in Resources */ = {isa = PBXBuildFile; fileRef = 4B67EC6B19784A1D00C1C935 /* InfoPlist.strings */; };
		4B67EC6F19784A1D00C1C935 /* main.m in Sources */ = {isa = PBXBuildFile; fileRef = 4B67EC6E19784A1D00C1C935 /* main.m */; };
		4B67EC7319784A1D00C1C935 /* Credits.rtf in Resources */ = {isa = PBXBuildFile; fileRef = 4B67EC7119784A1D00C1C935 /* Credits.rtf */; };
		4B67EC7619784A1D00C1C935 /* AppDelegate.m in Sources */ = {isa = PBXBuildFile; fileRef = 4B67EC7519784A1D00C1C935 /* AppDelegate.m */; };
		4B67EC7919784A1D00C1C935 /* MainMenu.xib in Resources */ = {isa = PBXBuildFile; fileRef = 4B67EC7719784A1D00C1C935 /* MainMenu.xib */; };
		4B67EC7B19784A1D00C1C935 /* Images.xcassets in Resources */ = {isa = PBXBuildFile; fileRef = 4B67EC7A19784A1D00C1C935 /* Images.xcassets */; };
		4B67EC8219784A1D00C1C935 /* XCTest.framework in Frameworks */ = {isa = PBXBuildFile; fileRef = 4B67EC8119784A1D00C1C935 /* XCTest.framework */; };
		4B67EC8319784A1D00C1C935 /* Cocoa.framework in Frameworks */ = {isa = PBXBuildFile; fileRef = 4B67EC6219784A1D00C1C935 /* Cocoa.framework */; };
		4B67EC8B19784A1D00C1C935 /* InfoPlist.strings in Resources */ = {isa = PBXBuildFile; fileRef = 4B67EC8919784A1D00C1C935 /* InfoPlist.strings */; };
		4B67EC8D19784A1D00C1C935 /* SDFlasherTests.m in Sources */ = {isa = PBXBuildFile; fileRef = 4B67EC8C19784A1D00C1C935 /* SDFlasherTests.m */; };
		4B67EC9919784E0600C1C935 /* bg.png in Resources */ = {isa = PBXBuildFile; fileRef = 4B67EC9719784E0600C1C935 /* bg.png */; };
		4B67EC9A19784E0600C1C935 /* FP_Logo_Bk.png in Resources */ = {isa = PBXBuildFile; fileRef = 4B67EC9819784E0600C1C935 /* FP_Logo_Bk.png */; };
/* End PBXBuildFile section */

/* Begin PBXContainerItemProxy section */
		4B67EC8419784A1D00C1C935 /* PBXContainerItemProxy */ = {
			isa = PBXContainerItemProxy;
			containerPortal = 4B67EC5719784A1D00C1C935 /* Project object */;
			proxyType = 1;
			remoteGlobalIDString = 4B67EC5E19784A1D00C1C935;
			remoteInfo = SDFlasher;
		};
/* End PBXContainerItemProxy section */

/* Begin PBXFileReference section */
		4B67EC5F19784A1D00C1C935 /* SDFlasher.app */ = {isa = PBXFileReference; explicitFileType = wrapper.application; includeInIndex = 0; path = SDFlasher.app; sourceTree = BUILT_PRODUCTS_DIR; };
		4B67EC6219784A1D00C1C935 /* Cocoa.framework */ = {isa = PBXFileReference; lastKnownFileType = wrapper.framework; name = Cocoa.framework; path = System/Library/Frameworks/Cocoa.framework; sourceTree = SDKROOT; };
		4B67EC6519784A1D00C1C935 /* AppKit.framework */ = {isa = PBXFileReference; lastKnownFileType = wrapper.framework; name = AppKit.framework; path = System/Library/Frameworks/AppKit.framework; sourceTree = SDKROOT; };
		4B67EC6619784A1D00C1C935 /* CoreData.framework */ = {isa = PBXFileReference; lastKnownFileType = wrapper.framework; name = CoreData.framework; path = System/Library/Frameworks/CoreData.framework; sourceTree = SDKROOT; };
		4B67EC6719784A1D00C1C935 /* Foundation.framework */ = {isa = PBXFileReference; lastKnownFileType = wrapper.framework; name = Foundation.framework; path = System/Library/Frameworks/Foundation.framework; sourceTree = SDKROOT; };
		4B67EC6A19784A1D00C1C935 /* SDFlasher-Info.plist */ = {isa = PBXFileReference; lastKnownFileType = text.plist.xml; path = "SDFlasher-Info.plist"; sourceTree = "<group>"; };
		4B67EC6C19784A1D00C1C935 /* en */ = {isa = PBXFileReference; lastKnownFileType = text.plist.strings; name = en; path = en.lproj/InfoPlist.strings; sourceTree = "<group>"; };
		4B67EC6E19784A1D00C1C935 /* main.m */ = {isa = PBXFileReference; lastKnownFileType = sourcecode.c.objc; path = main.m; sourceTree = "<group>"; };
		4B67EC7019784A1D00C1C935 /* SDFlasher-Prefix.pch */ = {isa = PBXFileReference; lastKnownFileType = sourcecode.c.h; path = "SDFlasher-Prefix.pch"; sourceTree = "<group>"; };
		4B67EC7219784A1D00C1C935 /* en */ = {isa = PBXFileReference; lastKnownFileType = text.rtf; name = en; path = en.lproj/Credits.rtf; sourceTree = "<group>"; };
		4B67EC7419784A1D00C1C935 /* AppDelegate.h */ = {isa = PBXFileReference; lastKnownFileType = sourcecode.c.h; path = AppDelegate.h; sourceTree = "<group>"; };
		4B67EC7519784A1D00C1C935 /* AppDelegate.m */ = {isa = PBXFileReference; lastKnownFileType = sourcecode.c.objc; path = AppDelegate.m; sourceTree = "<group>"; };
		4B67EC7819784A1D00C1C935 /* Base */ = {isa = PBXFileReference; lastKnownFileType = file.xib; name = Base; path = Base.lproj/MainMenu.xib; sourceTree = "<group>"; };
		4B67EC7A19784A1D00C1C935 /* Images.xcassets */ = {isa = PBXFileReference; lastKnownFileType = folder.assetcatalog; path = Images.xcassets; sourceTree = "<group>"; };
		4B67EC8019784A1D00C1C935 /* SDFlasherTests.xctest */ = {isa = PBXFileReference; explicitFileType = wrapper.cfbundle; includeInIndex = 0; path = SDFlasherTests.xctest; sourceTree = BUILT_PRODUCTS_DIR; };
		4B67EC8119784A1D00C1C935 /* XCTest.framework */ = {isa = PBXFileReference; lastKnownFileType = wrapper.framework; name = XCTest.framework; path = Library/Frameworks/XCTest.framework; sourceTree = DEVELOPER_DIR; };
		4B67EC8819784A1D00C1C935 /* SDFlasherTests-Info.plist */ = {isa = PBXFileReference; lastKnownFileType = text.plist.xml; path = "SDFlasherTests-Info.plist"; sourceTree = "<group>"; };
		4B67EC8A19784A1D00C1C935 /* en */ = {isa = PBXFileReference; lastKnownFileType = text.plist.strings; name = en; path = en.lproj/InfoPlist.strings; sourceTree = "<group>"; };
		4B67EC8C19784A1D00C1C935 /* SDFlasherTests.m */ = {isa = PBXFileReference; lastKnownFileType = sourcecode.c.objc; path = SDFlasherTests.m; sourceTree = "<group>"; };
		4B67EC9719784E0600C1C935 /* bg.png */ = {isa = PBXFileReference; lastKnownFileType = image.png; path = bg.png; sourceTree = "<group>"; };
		4B67EC9819784E0600C1C935 /* FP_Logo_Bk.png */ = {isa = PBXFileReference; lastKnownFileType = image.png; path = FP_Logo_Bk.png; sourceTree = "<group>"; };
/* End PBXFileReference section */

/* Begin PBXFrameworksBuildPhase section */
		4B67EC5C19784A1D00C1C935 /* Frameworks */ = {
			isa = PBXFrameworksBuildPhase;
			buildActionMask = 2147483647;
			files = (
				4B67EC6319784A1D00C1C935 /* Cocoa.framework in Frameworks */,
			);
			runOnlyForDeploymentPostprocessing = 0;
		};
		4B67EC7D19784A1D00C1C935 /* Frameworks */ = {
			isa = PBXFrameworksBuildPhase;
			buildActionMask = 2147483647;
			files = (
				4B67EC8319784A1D00C1C935 /* Cocoa.framework in Frameworks */,
				4B67EC8219784A1D00C1C935 /* XCTest.framework in Frameworks */,
			);
			runOnlyForDeploymentPostprocessing = 0;
		};
/* End PBXFrameworksBuildPhase section */

/* Begin PBXGroup section */
		4B67EC5619784A1D00C1C935 = {
			isa = PBXGroup;
			children = (
				4B67EC6819784A1D00C1C935 /* SDFlasher */,
				4B67EC8619784A1D00C1C935 /* SDFlasherTests */,
				4B67EC6119784A1D00C1C935 /* Frameworks */,
				4B67EC6019784A1D00C1C935 /* Products */,
			);
			sourceTree = "<group>";
		};
		4B67EC6019784A1D00C1C935 /* Products */ = {
			isa = PBXGroup;
			children = (
				4B67EC5F19784A1D00C1C935 /* SDFlasher.app */,
				4B67EC8019784A1D00C1C935 /* SDFlasherTests.xctest */,
			);
			name = Products;
			sourceTree = "<group>";
		};
		4B67EC6119784A1D00C1C935 /* Frameworks */ = {
			isa = PBXGroup;
			children = (
				4B67EC6219784A1D00C1C935 /* Cocoa.framework */,
				4B67EC8119784A1D00C1C935 /* XCTest.framework */,
				4B67EC6419784A1D00C1C935 /* Other Frameworks */,
			);
			name = Frameworks;
			sourceTree = "<group>";
		};
		4B67EC6419784A1D00C1C935 /* Other Frameworks */ = {
			isa = PBXGroup;
			children = (
				4B67EC6519784A1D00C1C935 /* AppKit.framework */,
				4B67EC6619784A1D00C1C935 /* CoreData.framework */,
				4B67EC6719784A1D00C1C935 /* Foundation.framework */,
			);
			name = "Other Frameworks";
			sourceTree = "<group>";
		};
		4B67EC6819784A1D00C1C935 /* SDFlasher */ = {
			isa = PBXGroup;
			children = (
				4B67EC9619784D0D00C1C935 /* Images */,
				4B67EC7419784A1D00C1C935 /* AppDelegate.h */,
				4B67EC7519784A1D00C1C935 /* AppDelegate.m */,
				4B67EC7719784A1D00C1C935 /* MainMenu.xib */,
				4B67EC7A19784A1D00C1C935 /* Images.xcassets */,
				4B67EC6919784A1D00C1C935 /* Supporting Files */,
			);
			path = SDFlasher;
			sourceTree = "<group>";
		};
		4B67EC6919784A1D00C1C935 /* Supporting Files */ = {
			isa = PBXGroup;
			children = (
				4B67EC6A19784A1D00C1C935 /* SDFlasher-Info.plist */,
				4B67EC6B19784A1D00C1C935 /* InfoPlist.strings */,
				4B67EC6E19784A1D00C1C935 /* main.m */,
				4B67EC7019784A1D00C1C935 /* SDFlasher-Prefix.pch */,
				4B67EC7119784A1D00C1C935 /* Credits.rtf */,
			);
			name = "Supporting Files";
			sourceTree = "<group>";
		};
		4B67EC8619784A1D00C1C935 /* SDFlasherTests */ = {
			isa = PBXGroup;
			children = (
				4B67EC8C19784A1D00C1C935 /* SDFlasherTests.m */,
				4B67EC8719784A1D00C1C935 /* Supporting Files */,
			);
			path = SDFlasherTests;
			sourceTree = "<group>";
		};
		4B67EC8719784A1D00C1C935 /* Supporting Files */ = {
			isa = PBXGroup;
			children = (
				4B67EC8819784A1D00C1C935 /* SDFlasherTests-Info.plist */,
				4B67EC8919784A1D00C1C935 /* InfoPlist.strings */,
			);
			name = "Supporting Files";
			sourceTree = "<group>";
		};
		4B67EC9619784D0D00C1C935 /* Images */ = {
			isa = PBXGroup;
			children = (
				4B67EC9719784E0600C1C935 /* bg.png */,
				4B67EC9819784E0600C1C935 /* FP_Logo_Bk.png */,
			);
			name = Images;
			sourceTree = "<group>";
		};
/* End PBXGroup section */

/* Begin PBXNativeTarget section */
		4B67EC5E19784A1D00C1C935 /* SDFlasher */ = {
			isa = PBXNativeTarget;
			buildConfigurationList = 4B67EC9019784A1D00C1C935 /* Build configuration list for PBXNativeTarget "SDFlasher" */;
			buildPhases = (
				4B67EC5B19784A1D00C1C935 /* Sources */,
				4B67EC5C19784A1D00C1C935 /* Frameworks */,
				4B67EC5D19784A1D00C1C935 /* Resources */,
			);
			buildRules = (
			);
			dependencies = (
			);
			name = SDFlasher;
			productName = SDFlasher;
			productReference = 4B67EC5F19784A1D00C1C935 /* SDFlasher.app */;
			productType = "com.apple.product-type.application";
		};
		4B67EC7F19784A1D00C1C935 /* SDFlasherTests */ = {
			isa = PBXNativeTarget;
			buildConfigurationList = 4B67EC9319784A1D00C1C935 /* Build configuration list for PBXNativeTarget "SDFlasherTests" */;
			buildPhases = (
				4B67EC7C19784A1D00C1C935 /* Sources */,
				4B67EC7D19784A1D00C1C935 /* Frameworks */,
				4B67EC7E19784A1D00C1C935 /* Resources */,
			);
			buildRules = (
			);
			dependencies = (
				4B67EC8519784A1D00C1C935 /* PBXTargetDependency */,
			);
			name = SDFlasherTests;
			productName = SDFlasherTests;
			productReference = 4B67EC8019784A1D00C1C935 /* SDFlasherTests.xctest */;
			productType = "com.apple.product-type.bundle.unit-test";
		};
/* End PBXNativeTarget section */

/* Begin PBXProject section */
		4B67EC5719784A1D00C1C935 /* Project object */ = {
			isa = PBXProject;
			attributes = {
				LastUpgradeCheck = 0510;
				ORGANIZATIONNAME = fuseproject;
				TargetAttributes = {
					4B67EC7F19784A1D00C1C935 = {
						TestTargetID = 4B67EC5E19784A1D00C1C935;
					};
				};
			};
			buildConfigurationList = 4B67EC5A19784A1D00C1C935 /* Build configuration list for PBXProject "SDFlasher" */;
			compatibilityVersion = "Xcode 3.2";
			developmentRegion = English;
			hasScannedForEncodings = 0;
			knownRegions = (
				en,
				Base,
			);
			mainGroup = 4B67EC5619784A1D00C1C935;
			productRefGroup = 4B67EC6019784A1D00C1C935 /* Products */;
			projectDirPath = "";
			projectRoot = "";
			targets = (
				4B67EC5E19784A1D00C1C935 /* SDFlasher */,
				4B67EC7F19784A1D00C1C935 /* SDFlasherTests */,
			);
		};
/* End PBXProject section */

/* Begin PBXResourcesBuildPhase section */
		4B67EC5D19784A1D00C1C935 /* Resources */ = {
			isa = PBXResourcesBuildPhase;
			buildActionMask = 2147483647;
			files = (
				4B67EC9919784E0600C1C935 /* bg.png in Resources */,
				4B67EC6D19784A1D00C1C935 /* InfoPlist.strings in Resources */,
				4B67EC7B19784A1D00C1C935 /* Images.xcassets in Resources */,
				4B67EC9A19784E0600C1C935 /* FP_Logo_Bk.png in Resources */,
				4B67EC7319784A1D00C1C935 /* Credits.rtf in Resources */,
				4B67EC7919784A1D00C1C935 /* MainMenu.xib in Resources */,
			);
			runOnlyForDeploymentPostprocessing = 0;
		};
		4B67EC7E19784A1D00C1C935 /* Resources */ = {
			isa = PBXResourcesBuildPhase;
			buildActionMask = 2147483647;
			files = (
				4B67EC8B19784A1D00C1C935 /* InfoPlist.strings in Resources */,
			);
			runOnlyForDeploymentPostprocessing = 0;
		};
/* End PBXResourcesBuildPhase section */

/* Begin PBXSourcesBuildPhase section */
		4B67EC5B19784A1D00C1C935 /* Sources */ = {
			isa = PBXSourcesBuildPhase;
			buildActionMask = 2147483647;
			files = (
				4B67EC7619784A1D00C1C935 /* AppDelegate.m in Sources */,
				4B67EC6F19784A1D00C1C935 /* main.m in Sources */,
			);
			runOnlyForDeploymentPostprocessing = 0;
		};
		4B67EC7C19784A1D00C1C935 /* Sources */ = {
			isa = PBXSourcesBuildPhase;
			buildActionMask = 2147483647;
			files = (
				4B67EC8D19784A1D00C1C935 /* SDFlasherTests.m in Sources */,
			);
			runOnlyForDeploymentPostprocessing = 0;
		};
/* End PBXSourcesBuildPhase section */

/* Begin PBXTargetDependency section */
		4B67EC8519784A1D00C1C935 /* PBXTargetDependency */ = {
			isa = PBXTargetDependency;
			target = 4B67EC5E19784A1D00C1C935 /* SDFlasher */;
			targetProxy = 4B67EC8419784A1D00C1C935 /* PBXContainerItemProxy */;
		};
/* End PBXTargetDependency section */

/* Begin PBXVariantGroup section */
		4B67EC6B19784A1D00C1C935 /* InfoPlist.strings */ = {
			isa = PBXVariantGroup;
			children = (
				4B67EC6C19784A1D00C1C935 /* en */,
			);
			name = InfoPlist.strings;
			sourceTree = "<group>";
		};
		4B67EC7119784A1D00C1C935 /* Credits.rtf */ = {
			isa = PBXVariantGroup;
			children = (
				4B67EC7219784A1D00C1C935 /* en */,
			);
			name = Credits.rtf;
			sourceTree = "<group>";
		};
		4B67EC7719784A1D00C1C935 /* MainMenu.xib */ = {
			isa = PBXVariantGroup;
			children = (
				4B67EC7819784A1D00C1C935 /* Base */,
			);
			name = MainMenu.xib;
			sourceTree = "<group>";
		};
		4B67EC8919784A1D00C1C935 /* InfoPlist.strings */ = {
			isa = PBXVariantGroup;
			children = (
				4B67EC8A19784A1D00C1C935 /* en */,
			);
			name = InfoPlist.strings;
			sourceTree = "<group>";
		};
/* End PBXVariantGroup section */

/* Begin XCBuildConfiguration section */
		4B67EC8E19784A1D00C1C935 /* Debug */ = {
			isa = XCBuildConfiguration;
			buildSettings = {
				ALWAYS_SEARCH_USER_PATHS = NO;
				CLANG_CXX_LANGUAGE_STANDARD = "gnu++0x";
				CLANG_CXX_LIBRARY = "libc++";
				CLANG_ENABLE_MODULES = YES;
				CLANG_ENABLE_OBJC_ARC = YES;
				CLANG_WARN_BOOL_CONVERSION = YES;
				CLANG_WARN_CONSTANT_CONVERSION = YES;
				CLANG_WARN_DIRECT_OBJC_ISA_USAGE = YES_ERROR;
				CLANG_WARN_EMPTY_BODY = YES;
				CLANG_WARN_ENUM_CONVERSION = YES;
				CLANG_WARN_INT_CONVERSION = YES;
				CLANG_WARN_OBJC_ROOT_CLASS = YES_ERROR;
				CLANG_WARN__DUPLICATE_METHOD_MATCH = YES;
				COPY_PHASE_STRIP = NO;
				GCC_C_LANGUAGE_STANDARD = gnu99;
				GCC_DYNAMIC_NO_PIC = NO;
				GCC_ENABLE_OBJC_EXCEPTIONS = YES;
				GCC_OPTIMIZATION_LEVEL = 0;
				GCC_PREPROCESSOR_DEFINITIONS = (
					"DEBUG=1",
					"$(inherited)",
				);
				GCC_SYMBOLS_PRIVATE_EXTERN = NO;
				GCC_WARN_64_TO_32_BIT_CONVERSION = YES;
				GCC_WARN_ABOUT_RETURN_TYPE = YES_ERROR;
				GCC_WARN_UNDECLARED_SELECTOR = YES;
				GCC_WARN_UNINITIALIZED_AUTOS = YES_AGGRESSIVE;
				GCC_WARN_UNUSED_FUNCTION = YES;
				GCC_WARN_UNUSED_VARIABLE = YES;
				MACOSX_DEPLOYMENT_TARGET = 10.9;
				ONLY_ACTIVE_ARCH = YES;
				SDKROOT = macosx;
			};
			name = Debug;
		};
		4B67EC8F19784A1D00C1C935 /* Release */ = {
			isa = XCBuildConfiguration;
			buildSettings = {
				ALWAYS_SEARCH_USER_PATHS = NO;
				CLANG_CXX_LANGUAGE_STANDARD = "gnu++0x";
				CLANG_CXX_LIBRARY = "libc++";
				CLANG_ENABLE_MODULES = YES;
				CLANG_ENABLE_OBJC_ARC = YES;
				CLANG_WARN_BOOL_CONVERSION = YES;
				CLANG_WARN_CONSTANT_CONVERSION = YES;
				CLANG_WARN_DIRECT_OBJC_ISA_USAGE = YES_ERROR;
				CLANG_WARN_EMPTY_BODY = YES;
				CLANG_WARN_ENUM_CONVERSION = YES;
				CLANG_WARN_INT_CONVERSION = YES;
				CLANG_WARN_OBJC_ROOT_CLASS = YES_ERROR;
				CLANG_WARN__DUPLICATE_METHOD_MATCH = YES;
				COPY_PHASE_STRIP = YES;
				DEBUG_INFORMATION_FORMAT = "dwarf-with-dsym";
				ENABLE_NS_ASSERTIONS = NO;
				GCC_C_LANGUAGE_STANDARD = gnu99;
				GCC_ENABLE_OBJC_EXCEPTIONS = YES;
				GCC_WARN_64_TO_32_BIT_CONVERSION = YES;
				GCC_WARN_ABOUT_RETURN_TYPE = YES_ERROR;
				GCC_WARN_UNDECLARED_SELECTOR = YES;
				GCC_WARN_UNINITIALIZED_AUTOS = YES_AGGRESSIVE;
				GCC_WARN_UNUSED_FUNCTION = YES;
				GCC_WARN_UNUSED_VARIABLE = YES;
				MACOSX_DEPLOYMENT_TARGET = 10.9;
				SDKROOT = macosx;
			};
			name = Release;
		};
		4B67EC9119784A1D00C1C935 /* Debug */ = {
			isa = XCBuildConfiguration;
			buildSettings = {
				ASSETCATALOG_COMPILER_APPICON_NAME = AppIcon;
				COMBINE_HIDPI_IMAGES = YES;
				GCC_PRECOMPILE_PREFIX_HEADER = YES;
				GCC_PREFIX_HEADER = "SDFlasher/SDFlasher-Prefix.pch";
				INFOPLIST_FILE = "SDFlasher/SDFlasher-Info.plist";
				PRODUCT_NAME = "$(TARGET_NAME)";
				WRAPPER_EXTENSION = app;
			};
			name = Debug;
		};
		4B67EC9219784A1D00C1C935 /* Release */ = {
			isa = XCBuildConfiguration;
			buildSettings = {
				ASSETCATALOG_COMPILER_APPICON_NAME = AppIcon;
				COMBINE_HIDPI_IMAGES = YES;
				GCC_PRECOMPILE_PREFIX_HEADER = YES;
				GCC_PREFIX_HEADER = "SDFlasher/SDFlasher-Prefix.pch";
				INFOPLIST_FILE = "SDFlasher/SDFlasher-Info.plist";
				PRODUCT_NAME = "$(TARGET_NAME)";
				WRAPPER_EXTENSION = app;
			};
			name = Release;
		};
		4B67EC9419784A1D00C1C935 /* Debug */ = {
			isa = XCBuildConfiguration;
			buildSettings = {
				BUNDLE_LOADER = "$(BUILT_PRODUCTS_DIR)/SDFlasher.app/Contents/MacOS/SDFlasher";
				COMBINE_HIDPI_IMAGES = YES;
				FRAMEWORK_SEARCH_PATHS = (
					"$(DEVELOPER_FRAMEWORKS_DIR)",
					"$(inherited)",
				);
				GCC_PRECOMPILE_PREFIX_HEADER = YES;
				GCC_PREFIX_HEADER = "SDFlasher/SDFlasher-Prefix.pch";
				GCC_PREPROCESSOR_DEFINITIONS = (
					"DEBUG=1",
					"$(inherited)",
				);
				INFOPLIST_FILE = "SDFlasherTests/SDFlasherTests-Info.plist";
				PRODUCT_NAME = "$(TARGET_NAME)";
				TEST_HOST = "$(BUNDLE_LOADER)";
				WRAPPER_EXTENSION = xctest;
			};
			name = Debug;
		};
		4B67EC9519784A1D00C1C935 /* Release */ = {
			isa = XCBuildConfiguration;
			buildSettings = {
				BUNDLE_LOADER = "$(BUILT_PRODUCTS_DIR)/SDFlasher.app/Contents/MacOS/SDFlasher";
				COMBINE_HIDPI_IMAGES = YES;
				FRAMEWORK_SEARCH_PATHS = (
					"$(DEVELOPER_FRAMEWORKS_DIR)",
					"$(inherited)",
				);
				GCC_PRECOMPILE_PREFIX_HEADER = YES;
				GCC_PREFIX_HEADER = "SDFlasher/SDFlasher-Prefix.pch";
				INFOPLIST_FILE = "SDFlasherTests/SDFlasherTests-Info.plist";
				PRODUCT_NAME = "$(TARGET_NAME)";
				TEST_HOST = "$(BUNDLE_LOADER)";
				WRAPPER_EXTENSION = xctest;
			};
			name = Release;
		};
/* End XCBuildConfiguration section */

/* Begin XCConfigurationList section */
		4B67EC5A19784A1D00C1C935 /* Build configuration list for PBXProject "SDFlasher" */ = {
			isa = XCConfigurationList;
			buildConfigurations = (
				4B67EC8E19784A1D00C1C935 /* Debug */,
				4B67EC8F19784A1D00C1C935 /* Release */,
			);
			defaultConfigurationIsVisible = 0;
			defaultConfigurationName = Release;
		};
		4B67EC9019784A1D00C1C935 /* Build configuration list for PBXNativeTarget "SDFlasher" */ = {
			isa = XCConfigurationList;
			buildConfigurations = (
				4B67EC9119784A1D00C1C935 /* Debug */,
				4B67EC9219784A1D00C1C935 /* Release */,
			);
			defaultConfigurationIsVisible = 0;
		};
		4B67EC9319784A1D00C1C935 /* Build configuration list for PBXNativeTarget "SDFlasherTests" */ = {
			isa = XCConfigurationList;
			buildConfigurations = (
				4B67EC9419784A1D00C1C935 /* Debug */,
				4B67EC9519784A1D00C1C935 /* Release */,
			);
			defaultConfigurationIsVisible = 0;
		};
/* End XCConfigurationList section */
	};
	rootObject = 4B67EC5719784A1D00C1C935 /* Project object */;
}
